
Microsoft Visual Studio Solution File, Format Version 11.00
# Visual Studio 2010
Project("{FAE04EC0-301F-11D3-BF4B-00C04F79EFBC}") = "Assembly-CSharp", "Assembly-CSharp.csproj", "{086b1ae6-5601-c3fe-73ca-5978324ccd5f}"
EndProject
Project("{FAE04EC0-301F-11D3-BF4B-00C04F79EFBC}") = "Assembly-CSharp-Editor", "Assembly-CSharp-Editor.csproj", "{1b9a4eaa-a6e5-27cb-4605-304ae62d801f}"
EndProject
Global
	GlobalSection(SolutionConfigurationPlatforms) = preSolution
		Debug|Any CPU = Debug|Any CPU
	EndGlobalSection
	GlobalSection(ProjectConfigurationPlatforms) = postSolution
		{086b1ae6-5601-c3fe-73ca-5978324ccd5f}.Debug|Any CPU.ActiveCfg = Debug|Any CPU
		{086b1ae6-5601-c3fe-73ca-5978324ccd5f}.Debug|Any CPU.Build.0 = Debug|Any CPU
		{1b9a4eaa-a6e5-27cb-4605-304ae62d801f}.Debug|Any CPU.ActiveCfg = Debug|Any CPU
		{1b9a4eaa-a6e5-27cb-4605-304ae62d801f}.Debug|Any CPU.Build.0 = Debug|Any CPU
	EndGlobalSection
	GlobalSection(SolutionProperties) = preSolution
		HideSolutionNode = FALSE
	EndGlobalSection
EndGlobal
